PATH
  remote: .
  specs:
    farce (0.1.0)
    farce (0.1.0-java)

GEM
  remote: https://gem.coop/
  specs:
    activesupport (8.1.3.1)
      base64
      bigdecimal
      concurrent-ruby (~> 1.0, >= 1.3.1)
      connection_pool (>= 2.2.5)
      drb
      i18n (>= 1.6, < 2)
      json
      logger (>= 1.4.2)
      minitest (>= 5.1)
      securerandom (>= 0.3)
      tzinfo (~> 2.0, >= 2.0.5)
      uri (>= 0.13.1)
    ansi (1.6.0)
    ast (2.4.3)
    async (2.45.1)
      console (~> 1.29)
      fiber-annotation
      io-event (~> 1.21)
    base64 (0.3.0)
    benchmark (0.5.0)
    benchmark-ips (2.15.1)
    bigdecimal (4.1.2)
    bigdecimal (4.1.2-java)
    builder (3.3.0)
    carbon_fiber (0.2.0-arm64-darwin)
    carbon_fiber (0.2.0-x86_64-linux)
    commonmarker (2.10.0-arm64-darwin)
    commonmarker (2.10.0-x86_64-linux)
    concurrent-ruby (1.3.8)
    concurrent-ruby-ext (1.3.8)
      concurrent-ruby (= 1.3.8)
    connection_pool (3.0.2)
    console (1.37.0)
      fiber-annotation
      fiber-local (~> 1.1)
      json
    drb (2.2.3)
    dry-core (1.2.0)
      concurrent-ruby (~> 1.0)
      logger
      zeitwerk (~> 2.6)
    dry-inflector (1.3.1)
    dry-logic (1.6.0)
      bigdecimal
      concurrent-ruby (~> 1.0)
      dry-core (~> 1.1)
      zeitwerk (~> 2.6)
    dry-types (1.9.1)
      bigdecimal (>= 3.0)
      concurrent-ruby (~> 1.0)
      dry-core (~> 1.0)
      dry-inflector (~> 1.0)
      dry-logic (~> 1.4)
      zeitwerk (~> 2.6)
    erb (6.0.7)
    erb (6.0.7-java)
    fiber-annotation (0.2.0)
    fiber-local (1.1.0)
      fiber-storage
    fiber-storage (1.0.1)
    i18n (1.15.2)
      concurrent-ruby (~> 1.0)
    io-console (0.9.2)
    io-console (0.9.2-java)
    io-event (1.21.1)
    irb (1.18.0)
      pp (>= 0.6.0)
      prism (>= 1.3.0)
      rdoc (>= 4.0.0)
      reline (>= 0.4.2)
    jar-dependencies (0.6.1-java)
    json (3.0.1)
    json (3.0.1-java)
    language_server-protocol (3.17.0.6)
    lazy_priority_queue (0.1.1)
    lint_roller (1.1.0)
    logger (1.7.0)
    minitest (6.0.6)
      drb (~> 2.0)
      prism (~> 1.5)
    minitest-reporters (1.8.0)
      ansi
      builder
      minitest (>= 5.0, < 7)
      ruby-progressbar
    nio4r (2.7.5)
    parallel (2.2.0)
    parser (3.3.12.0)
      ast (~> 2.4.1)
      racc
    philiprehberger-priority_queue (0.5.0)
    pp (0.6.4)
      prettyprint
    pqueue (2.2.0)
    prettyprint (0.2.0)
    priority_queue_cxx (0.3.7)
    prism (1.9.0)
    racc (1.8.1)
    racc (1.8.1-java)
    ractor_queue (0.2.1)
      rice (~> 4.0)
    rainbow (3.1.1)
    rake (13.4.2)
    rake-compiler (1.3.1)
      rake
    rake-compiler-dock (1.12.0)
    ratomic (0.4.3-arm64-darwin)
    ratomic (0.4.3-x86_64-linux)
    rbs (4.2.0)
      logger
      prism (>= 1.6.0)
      tsort
    rbs (4.2.0-java)
      jar-dependencies (>= 0.1.7)
      logger
      prism (>= 1.6.0)
      tsort
    rbtree (0.4.7)
    rdoc (8.0.0)
      erb
      prism (>= 1.6.0)
      rbs (>= 4.0.0)
      tsort
    regexp_parser (2.12.0)
    reline (0.7.0)
      io-console (~> 0.5)
    rice (4.12.0)
    rubocop (1.90.0)
      json (>= 2.3)
      language_server-protocol (~> 3.17.0.2)
      lint_roller (~> 1.1.0)
      parallel (>= 1.10)
      parser (>= 3.3.0.2)
      rainbow (>= 2.2.2, < 4.0)
      regexp_parser (>= 2.9.3, < 3.0)
      rubocop-ast (>= 1.49.0, < 2.0)
      ruby-progressbar (~> 1.7)
      unicode-display_width (>= 2.4.0, < 4.0)
    rubocop-ast (1.50.0)
      parser (>= 3.3.7.2)
      prism (~> 1.7)
    rubocop-minitest (0.40.0)
      lint_roller (~> 1.1)
      rubocop (>= 1.75.0, < 2.0)
      rubocop-ast (>= 1.38.0, < 2.0)
    rubocop-rake (0.7.1)
      lint_roller (~> 1.1)
      rubocop (>= 1.72.1)
    ruby-lsp (0.26.11)
      language_server-protocol (~> 3.17.0)
      prism (>= 1.2, < 2.0)
      rbs (>= 3, < 5)
    ruby-progressbar (1.13.0)
    securerandom (0.4.1)
    simplecov (1.2.0)
    simplecov-console (0.9.5)
      ansi
      simplecov
      terminal-table
    terminal-table (4.0.0)
      unicode-display_width (>= 1.1.1, < 4)
    tsort (0.2.0)
    tzinfo (2.0.6)
      concurrent-ruby (~> 1.0)
    unicode-display_width (3.2.0)
      unicode-emoji (~> 4.1)
    unicode-emoji (4.2.0)
    uri (1.1.1)
    yard (0.9.45)
    yard-markdown-relative-links (0.3.0)
      yard (>= 0.9, < 1)
    zeitwerk (2.8.3)

PLATFORMS
  arm64-darwin-23
  arm64-darwin-25
  universal-java
  x86_64-linux

DEPENDENCIES
  activesupport
  async (~> 2.45)
  benchmark
  benchmark-ips
  carbon_fiber
  commonmarker
  concurrent-ruby
  concurrent-ruby-ext
  dry-types
  farce!
  io-event
  irb
  lazy_priority_queue
  minitest
  minitest-reporters
  nio4r
  philiprehberger-priority_queue
  pqueue
  priority_queue_cxx
  ractor_queue
  rake
  rake-compiler
  rake-compiler-dock
  ratomic
  rbtree
  rubocop
  rubocop-minitest
  rubocop-rake
  ruby-lsp
  simplecov
  simplecov-console
  yard
  yard-markdown-relative-links

CHECKSUMS
  activesupport (8.1.3.1) sha256=85458765f25ea48b9019c46b6bb3fa5683197bf4280d9f06710a6e8d7a831376
  ansi (1.6.0) sha256=ac9ea0c0ea8d32fb4e271348e609963ac78882f34b73836c2a02b3622e666658
  ast (2.4.3) sha256=954615157c1d6a382bc27d690d973195e79db7f55e9765ac7c481c60bdb4d383
  async (2.45.1) sha256=95849f7432eca535146c69f3078dab3c7228d0075ed71f48733f3e585dd7c267
  base64 (0.3.0) sha256=27337aeabad6ffae05c265c450490628ef3ebd4b67be58257393227588f5a97b
  benchmark (0.5.0) sha256=465df122341aedcb81a2a24b4d3bd19b6c67c1530713fd533f3ff034e419236c
  benchmark-ips (2.15.1) sha256=07a1a9f3c6105ecaf68c174fc3fbcddd71a0e9ada6236ae03093a0dcfd812d59
  bigdecimal (4.1.2) sha256=53d217666027eab4280346fba98e7d5b66baaae1b9c3c1c0ffe89d48188a3fbd
  bigdecimal (4.1.2-java) sha256=ccc836eab720a525529f70ed0de26a206fdbc9a9e8ac67b3b4ac7318b03e114d
  builder (3.3.0) sha256=497918d2f9dca528fdca4b88d84e4ef4387256d984b8154e9d5d3fe5a9c8835f
  bundler (4.0.20) sha256=7978a8ac648767f5e635bc522445b79e80a52b907a39a36c2d8085ed6bc762ae
  carbon_fiber (0.2.0-arm64-darwin) sha256=5501b087fb6337445705ad7ffb160ca68c8b7f4a9b7b6bbb977a811c4df869e7
  carbon_fiber (0.2.0-x86_64-linux) sha256=9792141dabf6910724c8223fc8f0b64dca995502dc558e6836babf4620a2839c
  commonmarker (2.10.0-arm64-darwin) sha256=39ecc891d1e4308b5233cc28b40383de854a2bfbefe17d68e49174347a8aa79e
  commonmarker (2.10.0-x86_64-linux) sha256=945c510c0bfca9022245928e2248468fe3ddad58c939be0c37b20082cc392880
  concurrent-ruby (1.3.8) sha256=b2f1be836e968ccc78ccfce277ea79c72a88633f22306782c16ff23fb415d1e1
  concurrent-ruby-ext (1.3.8) sha256=3fe03002088978dffe6fdd01259b9b025d0b6d9bbfb96e5273866796af6bb6c3
  connection_pool (3.0.2) sha256=33fff5ba71a12d2aa26cb72b1db8bba2a1a01823559fb01d29eb74c286e62e0a
  console (1.37.0) sha256=8093b286c2595a063849c098594fee5155ecc7967d36f3aa8cbe7569c8f3efd7
  drb (2.2.3) sha256=0b00d6fdb50995fe4a45dea13663493c841112e4068656854646f418fda13373
  dry-core (1.2.0) sha256=0cc5a7da88df397f153947eeeae42e876e999c1e30900f3c536fb173854e96a1
  dry-inflector (1.3.1) sha256=7fb0c2bb04f67638f25c52e7ba39ab435d922a3a5c3cd196120f63accb682dcc
  dry-logic (1.6.0) sha256=da6fedbc0f90fc41f9b0cc7e6f05f5d529d1efaef6c8dcc8e0733f685745cea2
  dry-types (1.9.1) sha256=baebeecdb9f8395d6c9d227b62011279440943e3ef2468fe8ccc1ba11467f178
  erb (6.0.7) sha256=c5ca6dc25b0ef974a44dc8f59fe847577122483b1968a38dec305c60bf91ee92
  erb (6.0.7-java) sha256=ef8339f928aa33be9205534be19e9c0daf310c4cc4eb85fd409141c094c57d61
  farce (0.1.0)
  farce (0.1.0-java)
  fiber-annotation (0.2.0) sha256=7abfadf1d119f508867d4103bf231c0354d019cc39a5738945dec2edadaf6c03
  fiber-local (1.1.0) sha256=c885f94f210fb9b05737de65d511136ea602e00c5105953748aa0f8793489f06
  fiber-storage (1.0.1) sha256=f48e5b6d8b0be96dac486332b55cee82240057065dc761c1ea692b2e719240e1
  i18n (1.15.2) sha256=00f9eb62412fe593b2a65a97daa75300d37abb8f7202ec748e94b6d46a9dd1b5
  io-console (0.9.2) sha256=efa74f891dd03c0939a931dfc6e74c2813d904763d456ea9762b0525e748db08
  io-console (0.9.2-java) sha256=929c09163ad227cda17f5dc57861b995dbecf69c7ca2ce7b0c5f941f1f3da7d3
  io-event (1.21.1) sha256=b3088f89ad67edf9be9fc2f48a5fae0790e92862487551eeb337b49098eb99e6
  irb (1.18.0) sha256=de9454a0703a54704b9811a5ef31a60c86949fbf4013fcf244fabc7c775248e3
  jar-dependencies (0.6.1-java) sha256=2746643482d139fd9cecb524b57df63b71d9b5d734c7275171701201e3164f23
  json (3.0.1) sha256=c80f74a3570c3a310cd41c526904e7ef8363abdece4432f31fe97d812bc4a39e
  json (3.0.1-java) sha256=1c27f7763a1085b4c7d015265bc95f638a6682db29a9b3dbcea490b9988e8521
  language_server-protocol (3.17.0.6) sha256=5ef2c0c138f8267e1bc631d3328347d354f96724b0af22f2c79516120443b7f0
  lazy_priority_queue (0.1.1) sha256=e5d4ea8d037e8743afc91019fc23f5f6858372fea73e05e8244f8964f0634337
  lint_roller (1.1.0) sha256=2c0c845b632a7d172cb849cc90c1bce937a28c5c8ccccb50dfd46a485003cc87
  logger (1.7.0) sha256=196edec7cc44b66cfb40f9755ce11b392f21f7967696af15d274dde7edff0203
  minitest (6.0.6) sha256=153ea36d1d987a62942382b61075745042a2b3123b1cd48f4c3675af9cc7d6f1
  minitest-reporters (1.8.0) sha256=8ce5280fb73ad3178ae525454df169b6f28c1b38b1d088ea91815d3a370ba384
  nio4r (2.7.5) sha256=6c90168e48fb5f8e768419c93abb94ba2b892a1d0602cb06eef16d8b7df1dca1
  parallel (2.2.0) sha256=e1059c5fd7b649558a0aec38a769f06a42942bdb40503d005a59c352fe011cd8
  parser (3.3.12.0) sha256=21a6d7f755d5a24dfbdc6e6b772e4e879a52e7631a88bc5a3a134606052c9828
  philiprehberger-priority_queue (0.5.0) sha256=78d8b745a588045b9910b30183b6458821819fdfdb75978007a57439e781798b
  pp (0.6.4) sha256=dfcb0fce700c41456265922884f9fe195d7fbb0674a3578e6c0f69588e82b570
  pqueue (2.2.0) sha256=89952e643bb903c746a1c5cfa6932c7ca314f000370a8c5f132289d4313e9a70
  prettyprint (0.2.0) sha256=2bc9e15581a94742064a3cc8b0fb9d45aae3d03a1baa6ef80922627a0766f193
  priority_queue_cxx (0.3.7) sha256=44c87de5dfe867d3415eac9a6b2a533722c0144606c6a02664ec754099f8c023
  prism (1.9.0) sha256=7b530c6a9f92c24300014919c9dcbc055bf4cdf51ec30aed099b06cd6674ef85
  racc (1.8.1) sha256=4a7f6929691dbec8b5209a0b373bc2614882b55fc5d2e447a21aaa691303d62f
  racc (1.8.1-java) sha256=54f2e6d1e1b91c154013277d986f52a90e5ececbe91465d29172e49342732b98
  ractor_queue (0.2.1) sha256=834ba7d0ee580c5cae260a8db879b4352981a929874de080e996d5fc31b33086
  rainbow (3.1.1) sha256=039491aa3a89f42efa1d6dec2fc4e62ede96eb6acd95e52f1ad581182b79bc6a
  rake (13.4.2) sha256=cb825b2bd5f1f8e91ca37bddb4b9aaf345551b4731da62949be002fa89283701
  rake-compiler (1.3.1) sha256=6b351612b6e2d73ddd5563ee799bb58685176e05363db6758504bd11573d670a
  rake-compiler-dock (1.12.0) sha256=f13205c2738f3d2053afcd03491a9e4541b22a59a0bfc53fc8bc883bd8188023
  ratomic (0.4.3-arm64-darwin) sha256=ca59674dadf654e85b3edc33c2dd2e1428f05bc24dcb605fa98f50c87285922b
  ratomic (0.4.3-x86_64-linux) sha256=459496b942f6a606e343c291331931991e62ba1a0a5c793fe1e9830017005c88
  rbs (4.2.0) sha256=51f7b886dcc05bc09e10b901daa6a81829f6adc03101d6ca9ea4aac6103e0674
  rbs (4.2.0-java) sha256=a19282d89c307dd6d33c6a72cc60f75b10d6d35a5996796e864789c903cddb3c
  rbtree (0.4.7) sha256=1efabbcb3fd5f12249c9c8a610a765074868164eed0c50c9db2531c00ed161cb
  rdoc (8.0.0) sha256=03bf8c08a9639658855a0cfd77c0abca8325c227693f7f33f82957811348c469
  regexp_parser (2.12.0) sha256=35a916a1d63190ab5c9009457136ae5f3c0c7512d60291d0d1378ba18ce08ebb
  reline (0.7.0) sha256=5b012d8e55dbf9d450f12bde2cf7d15ff546ae80b3f8f3b30e570d431815583d
  rice (4.12.0) sha256=672c369ca706ff5be46695537f51e1a3db262c1b789af5b967ef477f25111dfd
  rubocop (1.90.0) sha256=9eb4c065b5c5154e4ef554c547972f3905a9eb6b53e657e580b6796b54bf8242
  rubocop-ast (1.50.0) sha256=b9ca88300da0803ee222ad20cdb30494c0a784eed06fdc35d254b06d662788db
  rubocop-minitest (0.40.0) sha256=353c698199115f12151144cf0b5a96f69bb9d77b660cf6536df2c4250c672a9d
  rubocop-rake (0.7.1) sha256=3797f2b6810c3e9df7376c26d5f44f3475eda59eb1adc38e6f62ecf027cbae4d
  ruby-lsp (0.26.11) sha256=4cc8f1587237ff8c9031680b5491df901a82559eeaa1ae96863ffe700b32583d
  ruby-progressbar (1.13.0) sha256=80fc9c47a9b640d6834e0dc7b3c94c9df37f08cb072b7761e4a71e22cff29b33
  securerandom (0.4.1) sha256=cc5193d414a4341b6e225f0cb4446aceca8e50d5e1888743fac16987638ea0b1
  simplecov (1.2.0) sha256=ea6acd05eece5a41990e2a5171c57d15700d329326c7666c85ee8c6a0dd0977e
  simplecov-console (0.9.5) sha256=b1108bcfff5f210143e2b8301698c367b01586f20d25a73e95475a5df6fc6ff6
  terminal-table (4.0.0) sha256=f504793203f8251b2ea7c7068333053f0beeea26093ec9962e62ea79f94301d2
  tsort (0.2.0) sha256=9650a793f6859a43b6641671278f79cfead60ac714148aabe4e3f0060480089f
  tzinfo (2.0.6) sha256=8daf828cc77bcf7d63b0e3bdb6caa47e2272dcfaf4fbfe46f8c3a9df087a829b
  unicode-display_width (3.2.0) sha256=0cdd96b5681a5949cdbc2c55e7b420facae74c4aaf9a9815eee1087cb1853c42
  unicode-emoji (4.2.0) sha256=519e69150f75652e40bf736106cfbc8f0f73aa3fb6a65afe62fefa7f80b0f80f
  uri (1.1.1) sha256=379fa58d27ffb1387eaada68c749d1426738bd0f654d812fcc07e7568f5c57c6
  yard (0.9.45) sha256=52e211493f7cb8a3ebf7e104a25a1e73937a3103092545d34cb88fafebb3dc51
  yard-markdown-relative-links (0.3.0) sha256=44abbc8dae94a9387d4f4a23aac76b553d9d1539690c9da065387c0869cf6507
  zeitwerk (2.8.3) sha256=2c85125a8467ce069e20123d1e709a08955c9d29c118c25b46b7b7fafdbb92e5

BUNDLED WITH
  4.0.20
